// !$*UTF8*$!
{
	archiveVersion = 1;
	classes = {
	};
	objectVersion = 50;
	objects = {

/* Begin PBXBuildFile section */
		752738D424D43CB20041C5EC /* AppDelegate.m in Sources */ = {isa = PBXBuildFile; fileRef = 752738D324D43CB20041C5EC /* AppDelegate.m */; };
		752738D724D43CB20041C5EC /* SceneDelegate.m in Sources */ = {isa = PBXBuildFile; fileRef = 752738D624D43CB20041C5EC /* SceneDelegate.m */; };
		752738DA24D43CB20041C5EC /* ViewController.m in Sources */ = {isa = PBXBuildFile; fileRef = 752738D924D43CB20041C5EC /* ViewController.m */; };
		752738DD24D43CB20041C5EC /* Main.storyboard in Resources */ = {isa = PBXBuildFile; fileRef = 752738DB24D43CB20041C5EC /* Main.storyboard */; };
		752738DF24D43CB60041C5EC /* Assets.xcassets in Resources */ = {isa = PBXBuildFile; fileRef = 752738DE24D43CB60041C5EC /* Assets.xcassets */; };
		752738E224D43CB60041C5EC /* LaunchScreen.storyboard in Resources */ = {isa = PBXBuildFile; fileRef = 752738E024D43CB60041C5EC /* LaunchScreen.storyboard */; };
		752738E524D43CB60041C5EC /* main.m in Sources */ = {isa = PBXBuildFile; fileRef = 752738E424D43CB60041C5EC /* main.m */; };
		752738EF24D43D090041C5EC /* shaderv.vsh in Resources */ = {isa = PBXBuildFile; fileRef = 752738EB24D43D090041C5EC /* shaderv.vsh */; };
		752738F024D43D090041C5EC /* shaderf.fsh in Resources */ = {isa = PBXBuildFile; fileRef = 752738EC24D43D090041C5EC /* shaderf.fsh */; };
		752738F124D43D090041C5EC /* CCView.m in Sources */ = {isa = PBXBuildFile; fileRef = 752738EE24D43D090041C5EC /* CCView.m */; };
		752738F424D43DD50041C5EC /* KKView.m in Sources */ = {isa = PBXBuildFile; fileRef = 752738F324D43DD50041C5EC /* KKView.m */; };
		752738F624D44B680041C5EC /* shaderv.glsl in Resources */ = {isa = PBXBuildFile; fileRef = 752738F524D44B680041C5EC /* shaderv.glsl */; };
		752738F824D44B780041C5EC /* shaderf.glsl in Resources */ = {isa = PBXBuildFile; fileRef = 752738F724D44B780041C5EC /* shaderf.glsl */; };
		752738FB24D44D1C0041C5EC /* DDView.m in Sources */ = {isa = PBXBuildFile; fileRef = 752738FA24D44D1C0041C5EC /* DDView.m */; };
/* End PBXBuildFile section */

/* Begin PBXFileReference section */
		752738CF24D43CB20041C5EC /* OpenGL_ES_CustomShader.app */ = {isa = PBXFileReference; explicitFileType = wrapper.application; includeInIndex = 0; path = OpenGL_ES_CustomShader.app; sourceTree = BUILT_PRODUCTS_DIR; };
		752738D224D43CB20041C5EC /* AppDelegate.h */ = {isa = PBXFileReference; lastKnownFileType = sourcecode.c.h; path = AppDelegate.h; sourceTree = "<group>"; };
		752738D324D43CB20041C5EC /* AppDelegate.m */ = {isa = PBXFileReference; lastKnownFileType = sourcecode.c.objc; path = AppDelegate.m; sourceTree = "<group>"; };
		752738D524D43CB20041C5EC /* SceneDelegate.h */ = {isa = PBXFileReference; lastKnownFileType = sourcecode.c.h; path = SceneDelegate.h; sourceTree = "<group>"; };
		752738D624D43CB20041C5EC /* SceneDelegate.m */ = {isa = PBXFileReference; lastKnownFileType = sourcecode.c.objc; path = SceneDelegate.m; sourceTree = "<group>"; };
		752738D824D43CB20041C5EC /* ViewController.h */ = {isa = PBXFileReference; lastKnownFileType = sourcecode.c.h; path = ViewController.h; sourceTree = "<group>"; };
		752738D924D43CB20041C5EC /* ViewController.m */ = {isa = PBXFileReference; lastKnownFileType = sourcecode.c.objc; path = ViewController.m; sourceTree = "<group>"; };
		752738DC24D43CB20041C5EC /* Base */ = {isa = PBXFileReference; lastKnownFileType = file.storyboard; name = Base; path = Base.lproj/Main.storyboard; sourceTree = "<group>"; };
		752738DE24D43CB60041C5EC /* Assets.xcassets */ = {isa = PBXFileReference; lastKnownFileType = folder.assetcatalog; path = Assets.xcassets; sourceTree = "<group>"; };
		752738E124D43CB60041C5EC /* Base */ = {isa = PBXFileReference; lastKnownFileType = file.storyboard; name = Base; path = Base.lproj/LaunchScreen.storyboard; sourceTree = "<group>"; };
		752738E324D43CB60041C5EC /* Info.plist */ = {isa = PBXFileReference; lastKnownFileType = text.plist.xml; path = Info.plist; sourceTree = "<group>"; };
		752738E424D43CB60041C5EC /* main.m */ = {isa = PBXFileReference; lastKnownFileType = sourcecode.c.objc; path = main.m; sourceTree = "<group>"; };
		752738EB24D43D090041C5EC /* shaderv.vsh */ = {isa = PBXFileReference; fileEncoding = 4; lastKnownFileType = sourcecode.glsl; path = shaderv.vsh; sourceTree = "<group>"; };
		752738EC24D43D090041C5EC /* shaderf.fsh */ = {isa = PBXFileReference; fileEncoding = 4; lastKnownFileType = sourcecode.glsl; path = shaderf.fsh; sourceTree = "<group>"; };
		752738ED24D43D090041C5EC /* CCView.h */ = {isa = PBXFileReference; fileEncoding = 4; lastKnownFileType = sourcecode.c.h; path = CCView.h; sourceTree = "<group>"; };
		752738EE24D43D090041C5EC /* CCView.m */ = {isa = PBXFileReference; fileEncoding = 4; lastKnownFileType = sourcecode.c.objc; path = CCView.m; sourceTree = "<group>"; };
		752738F224D43DD50041C5EC /* KKView.h */ = {isa = PBXFileReference; fileEncoding = 4; lastKnownFileType = sourcecode.c.h; path = KKView.h; sourceTree = "<group>"; };
		752738F324D43DD50041C5EC /* KKView.m */ = {isa = PBXFileReference; fileEncoding = 4; lastKnownFileType = sourcecode.c.objc; path = KKView.m; sourceTree = "<group>"; };
		752738F524D44B680041C5EC /* shaderv.glsl */ = {isa = PBXFileReference; lastKnownFileType = text.xml; path = shaderv.glsl; sourceTree = "<group>"; };
		752738F724D44B780041C5EC /* shaderf.glsl */ = {isa = PBXFileReference; lastKnownFileType = text.xml; path = shaderf.glsl; sourceTree = "<group>"; };
		752738F924D44D1C0041C5EC /* DDView.h */ = {isa = PBXFileReference; lastKnownFileType = sourcecode.c.h; path = DDView.h; sourceTree = "<group>"; };
		752738FA24D44D1C0041C5EC /* DDView.m */ = {isa = PBXFileReference; lastKnownFileType = sourcecode.c.objc; path = DDView.m; sourceTree = "<group>"; };
/* End PBXFileReference section */

/* Begin PBXFrameworksBuildPhase section */
		752738CC24D43CB20041C5EC /* Frameworks */ = {
			isa = PBXFrameworksBuildPhase;
			buildActionMask = 2147483647;
			files = (
			);
			runOnlyForDeploymentPostprocessing = 0;
		};
/* End PBXFrameworksBuildPhase section */

/* Begin PBXGroup section */
		752738C624D43CB20041C5EC = {
			isa = PBXGroup;
			children = (
				752738D124D43CB20041C5EC /* OpenGL_ES_CustomShader */,
				752738D024D43CB20041C5EC /* Products */,
			);
			sourceTree = "<group>";
		};
		752738D024D43CB20041C5EC /* Products */ = {
			isa = PBXGroup;
			children = (
				752738CF24D43CB20041C5EC /* OpenGL_ES_CustomShader.app */,
			);
			name = Products;
			sourceTree = "<group>";
		};
		752738D124D43CB20041C5EC /* OpenGL_ES_CustomShader */ = {
			isa = PBXGroup;
			children = (
				752738D224D43CB20041C5EC /* AppDelegate.h */,
				752738D324D43CB20041C5EC /* AppDelegate.m */,
				752738D524D43CB20041C5EC /* SceneDelegate.h */,
				752738D624D43CB20041C5EC /* SceneDelegate.m */,
				752738D824D43CB20041C5EC /* ViewController.h */,
				752738D924D43CB20041C5EC /* ViewController.m */,
				752738F224D43DD50041C5EC /* KKView.h */,
				752738F324D43DD50041C5EC /* KKView.m */,
				752738ED24D43D090041C5EC /* CCView.h */,
				752738EE24D43D090041C5EC /* CCView.m */,
				752738F924D44D1C0041C5EC /* DDView.h */,
				752738FA24D44D1C0041C5EC /* DDView.m */,
				752738EC24D43D090041C5EC /* shaderf.fsh */,
				752738EB24D43D090041C5EC /* shaderv.vsh */,
				752738F524D44B680041C5EC /* shaderv.glsl */,
				752738F724D44B780041C5EC /* shaderf.glsl */,
				752738DB24D43CB20041C5EC /* Main.storyboard */,
				752738DE24D43CB60041C5EC /* Assets.xcassets */,
				752738E024D43CB60041C5EC /* LaunchScreen.storyboard */,
				752738E324D43CB60041C5EC /* Info.plist */,
				752738E424D43CB60041C5EC /* main.m */,
			);
			path = OpenGL_ES_CustomShader;
			sourceTree = "<group>";
		};
/* End PBXGroup section */

/* Begin PBXNativeTarget section */
		752738CE24D43CB20041C5EC /* OpenGL_ES_CustomShader */ = {
			isa = PBXNativeTarget;
			buildConfigurationList = 752738E824D43CB60041C5EC /* Build configuration list for PBXNativeTarget "OpenGL_ES_CustomShader" */;
			buildPhases = (
				752738CB24D43CB20041C5EC /* Sources */,
				752738CC24D43CB20041C5EC /* Frameworks */,
				752738CD24D43CB20041C5EC /* Resources */,
			);
			buildRules = (
			);
			dependencies = (
			);
			name = OpenGL_ES_CustomShader;
			productName = OpenGL_ES_CustomShader;
			productReference = 752738CF24D43CB20041C5EC /* OpenGL_ES_CustomShader.app */;
			productType = "com.apple.product-type.application";
		};
/* End PBXNativeTarget section */

/* Begin PBXProject section */
		752738C724D43CB20041C5EC /* Project object */ = {
			isa = PBXProject;
			attributes = {
				LastUpgradeCheck = 1160;
				ORGANIZATIONNAME = China;
				TargetAttributes = {
					752738CE24D43CB20041C5EC = {
						CreatedOnToolsVersion = 11.6;
					};
				};
			};
			buildConfigurationList = 752738CA24D43CB20041C5EC /* Build configuration list for PBXProject "OpenGL_ES_CustomShader" */;
			compatibilityVersion = "Xcode 9.3";
			developmentRegion = en;
			hasScannedForEncodings = 0;
			knownRegions = (
				en,
				Base,
			);
			mainGroup = 752738C624D43CB20041C5EC;
			productRefGroup = 752738D024D43CB20041C5EC /* Products */;
			projectDirPath = "";
			projectRoot = "";
			targets = (
				752738CE24D43CB20041C5EC /* OpenGL_ES_CustomShader */,
			);
		};
/* End PBXProject section */

/* Begin PBXResourcesBuildPhase section */
		752738CD24D43CB20041C5EC /* Resources */ = {
			isa = PBXResourcesBuildPhase;
			buildActionMask = 2147483647;
			files = (
				752738F024D43D090041C5EC /* shaderf.fsh in Resources */,
				752738E224D43CB60041C5EC /* LaunchScreen.storyboard in Resources */,
				752738DF24D43CB60041C5EC /* Assets.xcassets in Resources */,
				752738DD24D43CB20041C5EC /* Main.storyboard in Resources */,
				752738EF24D43D090041C5EC /* shaderv.vsh in Resources */,
				752738F624D44B680041C5EC /* shaderv.glsl in Resources */,
				752738F824D44B780041C5EC /* shaderf.glsl in Resources */,
			);
			runOnlyForDeploymentPostprocessing = 0;
		};
/* End PBXResourcesBuildPhase section */

/* Begin PBXSourcesBuildPhase section */
		752738CB24D43CB20041C5EC /* Sources */ = {
			isa = PBXSourcesBuildPhase;
			buildActionMask = 2147483647;
			files = (
				752738DA24D43CB20041C5EC /* ViewController.m in Sources */,
				752738D424D43CB20041C5EC /* AppDelegate.m in Sources */,
				752738F424D43DD50041C5EC /* KKView.m in Sources */,
				752738E524D43CB60041C5EC /* main.m in Sources */,
				752738D724D43CB20041C5EC /* SceneDelegate.m in Sources */,
				752738F124D43D090041C5EC /* CCView.m in Sources */,
				752738FB24D44D1C0041C5EC /* DDView.m in Sources */,
			);
			runOnlyForDeploymentPostprocessing = 0;
		};
/* End PBXSourcesBuildPhase section */

/* Begin PBXVariantGroup section */
		752738DB24D43CB20041C5EC /* Main.storyboard */ = {
			isa = PBXVariantGroup;
			children = (
				752738DC24D43CB20041C5EC /* Base */,
			);
			name = Main.storyboard;
			sourceTree = "<group>";
		};
		752738E024D43CB60041C5EC /* LaunchScreen.storyboard */ = {
			isa = PBXVariantGroup;
			children = (
				752738E124D43CB60041C5EC /* Base */,
			);
			name = LaunchScreen.storyboard;
			sourceTree = "<group>";
		};
/* End PBXVariantGroup section */

/* Begin XCBuildConfiguration section */
		752738E624D43CB60041C5EC /* Debug */ = {
			isa = XCBuildConfiguration;
			buildSettings = {
				ALWAYS_SEARCH_USER_PATHS = NO;
				CLANG_ANALYZER_NONNULL = YES;
				CLANG_ANALYZER_NUMBER_OBJECT_CONVERSION = YES_AGGRESSIVE;
				CLANG_CXX_LANGUAGE_STANDARD = "gnu++14";
				CLANG_CXX_LIBRARY = "libc++";
				CLANG_ENABLE_MODULES = YES;
				CLANG_ENABLE_OBJC_ARC = YES;
				CLANG_ENABLE_OBJC_WEAK = YES;
				CLANG_WARN_BLOCK_CAPTURE_AUTORELEASING = YES;
				CLANG_WARN_BOOL_CONVERSION = YES;
				CLANG_WARN_COMMA = YES;
				CLANG_WARN_CONSTANT_CONVERSION = YES;
				CLANG_WARN_DEPRECATED_OBJC_IMPLEMENTATIONS = YES;
				CLANG_WARN_DIRECT_OBJC_ISA_USAGE = YES_ERROR;
				CLANG_WARN_DOCUMENTATION_COMMENTS = YES;
				CLANG_WARN_EMPTY_BODY = YES;
				CLANG_WARN_ENUM_CONVERSION = YES;
				CLANG_WARN_INFINITE_RECURSION = YES;
				CLANG_WARN_INT_CONVERSION = YES;
				CLANG_WARN_NON_LITERAL_NULL_CONVERSION = YES;
				CLANG_WARN_OBJC_IMPLICIT_RETAIN_SELF = YES;
				CLANG_WARN_OBJC_LITERAL_CONVERSION = YES;
				CLANG_WARN_OBJC_ROOT_CLASS = YES_ERROR;
				CLANG_WARN_RANGE_LOOP_ANALYSIS = YES;
				CLANG_WARN_STRICT_PROTOTYPES = YES;
				CLANG_WARN_SUSPICIOUS_MOVE = YES;
				CLANG_WARN_UNGUARDED_AVAILABILITY = YES_AGGRESSIVE;
				CLANG_WARN_UNREACHABLE_CODE = YES;
				CLANG_WARN__DUPLICATE_METHOD_MATCH = YES;
				COPY_PHASE_STRIP = NO;
				DEBUG_INFORMATION_FORMAT = dwarf;
				ENABLE_STRICT_OBJC_MSGSEND = YES;
				ENABLE_TESTABILITY = YES;
				GCC_C_LANGUAGE_STANDARD = gnu11;
				GCC_DYNAMIC_NO_PIC = NO;
				GCC_NO_COMMON_BLOCKS = YES;
				GCC_OPTIMIZATION_LEVEL = 0;
				GCC_PREPROCESSOR_DEFINITIONS = (
					"DEBUG=1",
					"$(inherited)",
				);
				GCC_WARN_64_TO_32_BIT_CONVERSION = YES;
				GCC_WARN_ABOUT_RETURN_TYPE = YES_ERROR;
				GCC_WARN_UNDECLARED_SELECTOR = YES;
				GCC_WARN_UNINITIALIZED_AUTOS = YES_AGGRESSIVE;
				GCC_WARN_UNUSED_FUNCTION = YES;
				GCC_WARN_UNUSED_VARIABLE = YES;
				IPHONEOS_DEPLOYMENT_TARGET = 13.6;
				MTL_ENABLE_DEBUG_INFO = INCLUDE_SOURCE;
				MTL_FAST_MATH = YES;
				ONLY_ACTIVE_ARCH = YES;
				SDKROOT = iphoneos;
			};
			name = Debug;
		};
		752738E724D43CB60041C5EC /* Release */ = {
			isa = XCBuildConfiguration;
			buildSettings = {
				ALWAYS_SEARCH_USER_PATHS = NO;
				CLANG_ANALYZER_NONNULL = YES;
				CLANG_ANALYZER_NUMBER_OBJECT_CONVERSION = YES_AGGRESSIVE;
				CLANG_CXX_LANGUAGE_STANDARD = "gnu++14";
				CLANG_CXX_LIBRARY = "libc++";
				CLANG_ENABLE_MODULES = YES;
				CLANG_ENABLE_OBJC_ARC = YES;
				CLANG_ENABLE_OBJC_WEAK = YES;
				CLANG_WARN_BLOCK_CAPTURE_AUTORELEASING = YES;
				CLANG_WARN_BOOL_CONVERSION = YES;
				CLANG_WARN_COMMA = YES;
				CLANG_WARN_CONSTANT_CONVERSION = YES;
				CLANG_WARN_DEPRECATED_OBJC_IMPLEMENTATIONS = YES;
				CLANG_WARN_DIRECT_OBJC_ISA_USAGE = YES_ERROR;
				CLANG_WARN_DOCUMENTATION_COMMENTS = YES;
				CLANG_WARN_EMPTY_BODY = YES;
				CLANG_WARN_ENUM_CONVERSION = YES;
				CLANG_WARN_INFINITE_RECURSION = YES;
				CLANG_WARN_INT_CONVERSION = YES;
				CLANG_WARN_NON_LITERAL_NULL_CONVERSION = YES;
				CLANG_WARN_OBJC_IMPLICIT_RETAIN_SELF = YES;
				CLANG_WARN_OBJC_LITERAL_CONVERSION = YES;
				CLANG_WARN_OBJC_ROOT_CLASS = YES_ERROR;
				CLANG_WARN_RANGE_LOOP_ANALYSIS = YES;
				CLANG_WARN_STRICT_PROTOTYPES = YES;
				CLANG_WARN_SUSPICIOUS_MOVE = YES;
				CLANG_WARN_UNGUARDED_AVAILABILITY = YES_AGGRESSIVE;
				CLANG_WARN_UNREACHABLE_CODE = YES;
				CLANG_WARN__DUPLICATE_METHOD_MATCH = YES;
				COPY_PHASE_STRIP = NO;
				DEBUG_INFORMATION_FORMAT = "dwarf-with-dsym";
				ENABLE_NS_ASSERTIONS = NO;
				ENABLE_STRICT_OBJC_MSGSEND = YES;
				GCC_C_LANGUAGE_STANDARD = gnu11;
				GCC_NO_COMMON_BLOCKS = YES;
				GCC_WARN_64_TO_32_BIT_CONVERSION = YES;
				GCC_WARN_ABOUT_RETURN_TYPE = YES_ERROR;
				GCC_WARN_UNDECLARED_SELECTOR = YES;
				GCC_WARN_UNINITIALIZED_AUTOS = YES_AGGRESSIVE;
				GCC_WARN_UNUSED_FUNCTION = YES;
				GCC_WARN_UNUSED_VARIABLE = YES;
				IPHONEOS_DEPLOYMENT_TARGET = 13.6;
				MTL_ENABLE_DEBUG_INFO = NO;
				MTL_FAST_MATH = YES;
				SDKROOT = iphoneos;
				VALIDATE_PRODUCT = YES;
			};
			name = Release;
		};
		752738E924D43CB60041C5EC /* Debug */ = {
			isa = XCBuildConfiguration;
			buildSettings = {
				ASSETCATALOG_COMPILER_APPICON_NAME = AppIcon;
				CODE_SIGN_STYLE = Automatic;
				INFOPLIST_FILE = OpenGL_ES_CustomShader/Info.plist;
				LD_RUNPATH_SEARCH_PATHS = (
					"$(inherited)",
					"@executable_path/Frameworks",
				);
				PRODUCT_BUNDLE_IDENTIFIER = "ctair.china.OpenGL-ES-CustomShader";
				PRODUCT_NAME = "$(TARGET_NAME)";
				TARGETED_DEVICE_FAMILY = "1,2";
			};
			name = Debug;
		};
		752738EA24D43CB60041C5EC /* Release */ = {
			isa = XCBuildConfiguration;
			buildSettings = {
				ASSETCATALOG_COMPILER_APPICON_NAME = AppIcon;
				CODE_SIGN_STYLE = Automatic;
				INFOPLIST_FILE = OpenGL_ES_CustomShader/Info.plist;
				LD_RUNPATH_SEARCH_PATHS = (
					"$(inherited)",
					"@executable_path/Frameworks",
				);
				PRODUCT_BUNDLE_IDENTIFIER = "ctair.china.OpenGL-ES-CustomShader";
				PRODUCT_NAME = "$(TARGET_NAME)";
				TARGETED_DEVICE_FAMILY = "1,2";
			};
			name = Release;
		};
/* End XCBuildConfiguration section */

/* Begin XCConfigurationList section */
		752738CA24D43CB20041C5EC /* Build configuration list for PBXProject "OpenGL_ES_CustomShader" */ = {
			isa = XCConfigurationList;
			buildConfigurations = (
				752738E624D43CB60041C5EC /* Debug */,
				752738E724D43CB60041C5EC /* Release */,
			);
			defaultConfigurationIsVisible = 0;
			defaultConfigurationName = Release;
		};
		752738E824D43CB60041C5EC /* Build configuration list for PBXNativeTarget "OpenGL_ES_CustomShader" */ = {
			isa = XCConfigurationList;
			buildConfigurations = (
				752738E924D43CB60041C5EC /* Debug */,
				752738EA24D43CB60041C5EC /* Release */,
			);
			defaultConfigurationIsVisible = 0;
			defaultConfigurationName = Release;
		};
/* End XCConfigurationList section */
	};
	rootObject = 752738C724D43CB20041C5EC /* Project object */;
}
